
Microsoft Visual Studio Solution File, Format Version 12.00
# Visual Studio Version 17
VisualStudioVersion = 17.0.31903.59
MinimumVisualStudioVersion = 10.0.40219.1
Project("{2150E333-8FDC-42A3-9474-1A3956D46DE8}") = "src", "src", "{827E0CD3-B72D-47B6-A68D-7590B98EB39B}"
EndProject
Project("{FAE04EC0-301F-11D3-BF4B-00C04F79EFBC}") = "PCHelper.AdapterHost", "src\PCHelper.AdapterHost\PCHelper.AdapterHost.csproj", "{C38D6758-95ED-46BA-AD56-F127DD924FA7}"
EndProject
Project("{FAE04EC0-301F-11D3-BF4B-00C04F79EFBC}") = "PCHelper.Adapters", "src\PCHelper.Adapters\PCHelper.Adapters.csproj", "{9F3702B9-0F13-4287-8AE3-ACE5E6EBFB7E}"
EndProject
Project("{FAE04EC0-301F-11D3-BF4B-00C04F79EFBC}") = "PCHelper.App", "src\PCHelper.App\PCHelper.App.csproj", "{35F42A1B-A3B3-4007-8853-54C0A459264A}"
EndProject
Project("{FAE04EC0-301F-11D3-BF4B-00C04F79EFBC}") = "PCHelper.Cli", "src\PCHelper.Cli\PCHelper.Cli.csproj", "{D9F5A206-DB6F-494D-9AC4-BB88D981699D}"
EndProject
Project("{FAE04EC0-301F-11D3-BF4B-00C04F79EFBC}") = "PCHelper.Contracts", "src\PCHelper.Contracts\PCHelper.Contracts.csproj", "{6575BD86-A291-40C5-BAFC-4174FFEE6C42}"
EndProject
Project("{FAE04EC0-301F-11D3-BF4B-00C04F79EFBC}") = "PCHelper.Core", "src\PCHelper.Core\PCHelper.Core.csproj", "{C45AC026-5030-418C-A861-6513188F2CF3}"
EndProject
Project("{FAE04EC0-301F-11D3-BF4B-00C04F79EFBC}") = "PCHelper.Ipc", "src\PCHelper.Ipc\PCHelper.Ipc.csproj", "{7DB881F3-98DF-447C-8ABB-14862EC44134}"
EndProject
Project("{FAE04EC0-301F-11D3-BF4B-00C04F79EFBC}") = "PCHelper.Service", "src\PCHelper.Service\PCHelper.Service.csproj", "{9D004E82-B173-4C42-B965-D093AE98D091}"
EndProject
Project("{2150E333-8FDC-42A3-9474-1A3956D46DE8}") = "tests", "tests", "{0AB3BF05-4346-4AA6-1389-037BE0695223}"
EndProject
Project("{FAE04EC0-301F-11D3-BF4B-00C04F79EFBC}") = "PCHelper.Core.Tests", "tests\PCHelper.Core.Tests\PCHelper.Core.Tests.csproj", "{71643023-9D88-4212-B6B1-7A25C6EA0C4F}"
EndProject
Project("{FAE04EC0-301F-11D3-BF4B-00C04F79EFBC}") = "PCHelper.Integration.Tests", "tests\PCHelper.Integration.Tests\PCHelper.Integration.Tests.csproj", "{ACC7C604-8B9E-47BD-87BE-F960CBF1EA80}"
EndProject
Project("{2150E333-8FDC-42A3-9474-1A3956D46DE8}") = "tools", "tools", "{07C2787E-EAC7-C090-1BA3-A61EC2A24D84}"
EndProject
Project("{FAE04EC0-301F-11D3-BF4B-00C04F79EFBC}") = "PCHelper.UiSnapshot", "tools\PCHelper.UiSnapshot\PCHelper.UiSnapshot.csproj", "{3792A3AF-F155-4D77-A8E1-DB244AB11BF1}"
EndProject
Project("{FAE04EC0-301F-11D3-BF4B-00C04F79EFBC}") = "PCHelper.AutomationHost", "src\PCHelper.AutomationHost\PCHelper.AutomationHost.csproj", "{C0DB78ED-E0F2-40B0-829C-9C8192DE32D5}"
EndProject
Project("{FAE04EC0-301F-11D3-BF4B-00C04F79EFBC}") = "PCHelper.EffectHost", "src\PCHelper.EffectHost\PCHelper.EffectHost.csproj", "{AFACC39B-73BA-4A96-BE6C-212CB366191E}"
EndProject
Project("{FAE04EC0-301F-11D3-BF4B-00C04F79EFBC}") = "PCHelper.WorkloadHost", "src\PCHelper.WorkloadHost\PCHelper.WorkloadHost.csproj", "{31152452-D04A-4092-8DDB-6A21E5288070}"
EndProject
Global
	GlobalSection(SolutionConfigurationPlatforms) = preSolution
		Debug|Any CPU = Debug|Any CPU
		Debug|x64 = Debug|x64
		Debug|x86 = Debug|x86
		Release|Any CPU = Release|Any CPU
		Release|x64 = Release|x64
		Release|x86 = Release|x86
	EndGlobalSection
	GlobalSection(ProjectConfigurationPlatforms) = postSolution
		{C38D6758-95ED-46BA-AD56-F127DD924FA7}.Debug|Any CPU.ActiveCfg = Debug|Any CPU
		{C38D6758-95ED-46BA-AD56-F127DD924FA7}.Debug|Any CPU.Build.0 = Debug|Any CPU
		{C38D6758-95ED-46BA-AD56-F127DD924FA7}.Debug|x64.ActiveCfg = Debug|Any CPU
		{C38D6758-95ED-46BA-AD56-F127DD924FA7}.Debug|x64.Build.0 = Debug|Any CPU
		{C38D6758-95ED-46BA-AD56-F127DD924FA7}.Debug|x86.ActiveCfg = Debug|Any CPU
		{C38D6758-95ED-46BA-AD56-F127DD924FA7}.Debug|x86.Build.0 = Debug|Any CPU
		{C38D6758-95ED-46BA-AD56-F127DD924FA7}.Release|Any CPU.ActiveCfg = Release|Any CPU
		{C38D6758-95ED-46BA-AD56-F127DD924FA7}.Release|Any CPU.Build.0 = Release|Any CPU
		{C38D6758-95ED-46BA-AD56-F127DD924FA7}.Release|x64.ActiveCfg = Release|Any CPU
		{C38D6758-95ED-46BA-AD56-F127DD924FA7}.Release|x64.Build.0 = Release|Any CPU
		{C38D6758-95ED-46BA-AD56-F127DD924FA7}.Release|x86.ActiveCfg = Release|Any CPU
		{C38D6758-95ED-46BA-AD56-F127DD924FA7}.Release|x86.Build.0 = Release|Any CPU
		{9F3702B9-0F13-4287-8AE3-ACE5E6EBFB7E}.Debug|Any CPU.ActiveCfg = Debug|Any CPU
		{9F3702B9-0F13-4287-8AE3-ACE5E6EBFB7E}.Debug|Any CPU.Build.0 = Debug|Any CPU
		{9F3702B9-0F13-4287-8AE3-ACE5E6EBFB7E}.Debug|x64.ActiveCfg = Debug|Any CPU
		{9F3702B9-0F13-4287-8AE3-ACE5E6EBFB7E}.Debug|x64.Build.0 = Debug|Any CPU
		{9F3702B9-0F13-4287-8AE3-ACE5E6EBFB7E}.Debug|x86.ActiveCfg = Debug|Any CPU
		{9F3702B9-0F13-4287-8AE3-ACE5E6EBFB7E}.Debug|x86.Build.0 = Debug|Any CPU
		{9F3702B9-0F13-4287-8AE3-ACE5E6EBFB7E}.Release|Any CPU.ActiveCfg = Release|Any CPU
		{9F3702B9-0F13-4287-8AE3-ACE5E6EBFB7E}.Release|Any CPU.Build.0 = Release|Any CPU
		{9F3702B9-0F13-4287-8AE3-ACE5E6EBFB7E}.Release|x64.ActiveCfg = Release|Any CPU
		{9F3702B9-0F13-4287-8AE3-ACE5E6EBFB7E}.Release|x64.Build.0 = Release|Any CPU
		{9F3702B9-0F13-4287-8AE3-ACE5E6EBFB7E}.Release|x86.ActiveCfg = Release|Any CPU
		{9F3702B9-0F13-4287-8AE3-ACE5E6EBFB7E}.Release|x86.Build.0 = Release|Any CPU
		{35F42A1B-A3B3-4007-8853-54C0A459264A}.Debug|Any CPU.ActiveCfg = Debug|Any CPU
		{35F42A1B-A3B3-4007-8853-54C0A459264A}.Debug|Any CPU.Build.0 = Debug|Any CPU
		{35F42A1B-A3B3-4007-8853-54C0A459264A}.Debug|x64.ActiveCfg = Debug|Any CPU
		{35F42A1B-A3B3-4007-8853-54C0A459264A}.Debug|x64.Build.0 = Debug|Any CPU
		{35F42A1B-A3B3-4007-8853-54C0A459264A}.Debug|x86.ActiveCfg = Debug|Any CPU
		{35F42A1B-A3B3-4007-8853-54C0A459264A}.Debug|x86.Build.0 = Debug|Any CPU
		{35F42A1B-A3B3-4007-8853-54C0A459264A}.Release|Any CPU.ActiveCfg = Release|Any CPU
		{35F42A1B-A3B3-4007-8853-54C0A459264A}.Release|Any CPU.Build.0 = Release|Any CPU
		{35F42A1B-A3B3-4007-8853-54C0A459264A}.Release|x64.ActiveCfg = Release|Any CPU
		{35F42A1B-A3B3-4007-8853-54C0A459264A}.Release|x64.Build.0 = Release|Any CPU
		{35F42A1B-A3B3-4007-8853-54C0A459264A}.Release|x86.ActiveCfg = Release|Any CPU
		{35F42A1B-A3B3-4007-8853-54C0A459264A}.Release|x86.Build.0 = Release|Any CPU
		{D9F5A206-DB6F-494D-9AC4-BB88D981699D}.Debug|Any CPU.ActiveCfg = Debug|Any CPU
		{D9F5A206-DB6F-494D-9AC4-BB88D981699D}.Debug|Any CPU.Build.0 = Debug|Any CPU
		{D9F5A206-DB6F-494D-9AC4-BB88D981699D}.Debug|x64.ActiveCfg = Debug|Any CPU
		{D9F5A206-DB6F-494D-9AC4-BB88D981699D}.Debug|x64.Build.0 = Debug|Any CPU
		{D9F5A206-DB6F-494D-9AC4-BB88D981699D}.Debug|x86.ActiveCfg = Debug|Any CPU
		{D9F5A206-DB6F-494D-9AC4-BB88D981699D}.Debug|x86.Build.0 = Debug|Any CPU
		{D9F5A206-DB6F-494D-9AC4-BB88D981699D}.Release|Any CPU.ActiveCfg = Release|Any CPU
		{D9F5A206-DB6F-494D-9AC4-BB88D981699D}.Release|Any CPU.Build.0 = Release|Any CPU
		{D9F5A206-DB6F-494D-9AC4-BB88D981699D}.Release|x64.ActiveCfg = Release|Any CPU
		{D9F5A206-DB6F-494D-9AC4-BB88D981699D}.Release|x64.Build.0 = Release|Any CPU
		{D9F5A206-DB6F-494D-9AC4-BB88D981699D}.Release|x86.ActiveCfg = Release|Any CPU
		{D9F5A206-DB6F-494D-9AC4-BB88D981699D}.Release|x86.Build.0 = Release|Any CPU
		{6575BD86-A291-40C5-BAFC-4174FFEE6C42}.Debug|Any CPU.ActiveCfg = Debug|Any CPU
		{6575BD86-A291-40C5-BAFC-4174FFEE6C42}.Debug|Any CPU.Build.0 = Debug|Any CPU
		{6575BD86-A291-40C5-BAFC-4174FFEE6C42}.Debug|x64.ActiveCfg = Debug|Any CPU
		{6575BD86-A291-40C5-BAFC-4174FFEE6C42}.Debug|x64.Build.0 = Debug|Any CPU
		{6575BD86-A291-40C5-BAFC-4174FFEE6C42}.Debug|x86.ActiveCfg = Debug|Any CPU
		{6575BD86-A291-40C5-BAFC-4174FFEE6C42}.Debug|x86.Build.0 = Debug|Any CPU
		{6575BD86-A291-40C5-BAFC-4174FFEE6C42}.Release|Any CPU.ActiveCfg = Release|Any CPU
		{6575BD86-A291-40C5-BAFC-4174FFEE6C42}.Release|Any CPU.Build.0 = Release|Any CPU
		{6575BD86-A291-40C5-BAFC-4174FFEE6C42}.Release|x64.ActiveCfg = Release|Any CPU
		{6575BD86-A291-40C5-BAFC-4174FFEE6C42}.Release|x64.Build.0 = Release|Any CPU
		{6575BD86-A291-40C5-BAFC-4174FFEE6C42}.Release|x86.ActiveCfg = Release|Any CPU
		{6575BD86-A291-40C5-BAFC-4174FFEE6C42}.Release|x86.Build.0 = Release|Any CPU
		{C45AC026-5030-418C-A861-6513188F2CF3}.Debug|Any CPU.ActiveCfg = Debug|Any CPU
		{C45AC026-5030-418C-A861-6513188F2CF3}.Debug|Any CPU.Build.0 = Debug|Any CPU
		{C45AC026-5030-418C-A861-6513188F2CF3}.Debug|x64.ActiveCfg = Debug|Any CPU
		{C45AC026-5030-418C-A861-6513188F2CF3}.Debug|x64.Build.0 = Debug|Any CPU
		{C45AC026-5030-418C-A861-6513188F2CF3}.Debug|x86.ActiveCfg = Debug|Any CPU
		{C45AC026-5030-418C-A861-6513188F2CF3}.Debug|x86.Build.0 = Debug|Any CPU
		{C45AC026-5030-418C-A861-6513188F2CF3}.Release|Any CPU.ActiveCfg = Release|Any CPU
		{C45AC026-5030-418C-A861-6513188F2CF3}.Release|Any CPU.Build.0 = Release|Any CPU
		{C45AC026-5030-418C-A861-6513188F2CF3}.Release|x64.ActiveCfg = Release|Any CPU
		{C45AC026-5030-418C-A861-6513188F2CF3}.Release|x64.Build.0 = Release|Any CPU
		{C45AC026-5030-418C-A861-6513188F2CF3}.Release|x86.ActiveCfg = Release|Any CPU
		{C45AC026-5030-418C-A861-6513188F2CF3}.Release|x86.Build.0 = Release|Any CPU
		{7DB881F3-98DF-447C-8ABB-14862EC44134}.Debug|Any CPU.ActiveCfg = Debug|Any CPU
		{7DB881F3-98DF-447C-8ABB-14862EC44134}.Debug|Any CPU.Build.0 = Debug|Any CPU
		{7DB881F3-98DF-447C-8ABB-14862EC44134}.Debug|x64.ActiveCfg = Debug|Any CPU
		{7DB881F3-98DF-447C-8ABB-14862EC44134}.Debug|x64.Build.0 = Debug|Any CPU
		{7DB881F3-98DF-447C-8ABB-14862EC44134}.Debug|x86.ActiveCfg = Debug|Any CPU
		{7DB881F3-98DF-447C-8ABB-14862EC44134}.Debug|x86.Build.0 = Debug|Any CPU
		{7DB881F3-98DF-447C-8ABB-14862EC44134}.Release|Any CPU.ActiveCfg = Release|Any CPU
		{7DB881F3-98DF-447C-8ABB-14862EC44134}.Release|Any CPU.Build.0 = Release|Any CPU
		{7DB881F3-98DF-447C-8ABB-14862EC44134}.Release|x64.ActiveCfg = Release|Any CPU
		{7DB881F3-98DF-447C-8ABB-14862EC44134}.Release|x64.Build.0 = Release|Any CPU
		{7DB881F3-98DF-447C-8ABB-14862EC44134}.Release|x86.ActiveCfg = Release|Any CPU
		{7DB881F3-98DF-447C-8ABB-14862EC44134}.Release|x86.Build.0 = Release|Any CPU
		{9D004E82-B173-4C42-B965-D093AE98D091}.Debug|Any CPU.ActiveCfg = Debug|Any CPU
		{9D004E82-B173-4C42-B965-D093AE98D091}.Debug|Any CPU.Build.0 = Debug|Any CPU
		{9D004E82-B173-4C42-B965-D093AE98D091}.Debug|x64.ActiveCfg = Debug|Any CPU
		{9D004E82-B173-4C42-B965-D093AE98D091}.Debug|x64.Build.0 = Debug|Any CPU
		{9D004E82-B173-4C42-B965-D093AE98D091}.Debug|x86.ActiveCfg = Debug|Any CPU
		{9D004E82-B173-4C42-B965-D093AE98D091}.Debug|x86.Build.0 = Debug|Any CPU
		{9D004E82-B173-4C42-B965-D093AE98D091}.Release|Any CPU.ActiveCfg = Release|Any CPU
		{9D004E82-B173-4C42-B965-D093AE98D091}.Release|Any CPU.Build.0 = Release|Any CPU
		{9D004E82-B173-4C42-B965-D093AE98D091}.Release|x64.ActiveCfg = Release|Any CPU
		{9D004E82-B173-4C42-B965-D093AE98D091}.Release|x64.Build.0 = Release|Any CPU
		{9D004E82-B173-4C42-B965-D093AE98D091}.Release|x86.ActiveCfg = Release|Any CPU
		{9D004E82-B173-4C42-B965-D093AE98D091}.Release|x86.Build.0 = Release|Any CPU
		{71643023-9D88-4212-B6B1-7A25C6EA0C4F}.Debug|Any CPU.ActiveCfg = Debug|Any CPU
		{71643023-9D88-4212-B6B1-7A25C6EA0C4F}.Debug|Any CPU.Build.0 = Debug|Any CPU
		{71643023-9D88-4212-B6B1-7A25C6EA0C4F}.Debug|x64.ActiveCfg = Debug|Any CPU
		{71643023-9D88-4212-B6B1-7A25C6EA0C4F}.Debug|x64.Build.0 = Debug|Any CPU
		{71643023-9D88-4212-B6B1-7A25C6EA0C4F}.Debug|x86.ActiveCfg = Debug|Any CPU
		{71643023-9D88-4212-B6B1-7A25C6EA0C4F}.Debug|x86.Build.0 = Debug|Any CPU
		{71643023-9D88-4212-B6B1-7A25C6EA0C4F}.Release|Any CPU.ActiveCfg = Release|Any CPU
		{71643023-9D88-4212-B6B1-7A25C6EA0C4F}.Release|Any CPU.Build.0 = Release|Any CPU
		{71643023-9D88-4212-B6B1-7A25C6EA0C4F}.Release|x64.ActiveCfg = Release|Any CPU
		{71643023-9D88-4212-B6B1-7A25C6EA0C4F}.Release|x64.Build.0 = Release|Any CPU
		{71643023-9D88-4212-B6B1-7A25C6EA0C4F}.Release|x86.ActiveCfg = Release|Any CPU
		{71643023-9D88-4212-B6B1-7A25C6EA0C4F}.Release|x86.Build.0 = Release|Any CPU
		{ACC7C604-8B9E-47BD-87BE-F960CBF1EA80}.Debug|Any CPU.ActiveCfg = Debug|Any CPU
		{ACC7C604-8B9E-47BD-87BE-F960CBF1EA80}.Debug|Any CPU.Build.0 = Debug|Any CPU
		{ACC7C604-8B9E-47BD-87BE-F960CBF1EA80}.Debug|x64.ActiveCfg = Debug|Any CPU
		{ACC7C604-8B9E-47BD-87BE-F960CBF1EA80}.Debug|x64.Build.0 = Debug|Any CPU
		{ACC7C604-8B9E-47BD-87BE-F960CBF1EA80}.Debug|x86.ActiveCfg = Debug|Any CPU
		{ACC7C604-8B9E-47BD-87BE-F960CBF1EA80}.Debug|x86.Build.0 = Debug|Any CPU
		{ACC7C604-8B9E-47BD-87BE-F960CBF1EA80}.Release|Any CPU.ActiveCfg = Release|Any CPU
		{ACC7C604-8B9E-47BD-87BE-F960CBF1EA80}.Release|Any CPU.Build.0 = Release|Any CPU
		{ACC7C604-8B9E-47BD-87BE-F960CBF1EA80}.Release|x64.ActiveCfg = Release|Any CPU
		{ACC7C604-8B9E-47BD-87BE-F960CBF1EA80}.Release|x64.Build.0 = Release|Any CPU
		{ACC7C604-8B9E-47BD-87BE-F960CBF1EA80}.Release|x86.ActiveCfg = Release|Any CPU
		{ACC7C604-8B9E-47BD-87BE-F960CBF1EA80}.Release|x86.Build.0 = Release|Any CPU
		{3792A3AF-F155-4D77-A8E1-DB244AB11BF1}.Debug|Any CPU.ActiveCfg = Debug|Any CPU
		{3792A3AF-F155-4D77-A8E1-DB244AB11BF1}.Debug|Any CPU.Build.0 = Debug|Any CPU
		{3792A3AF-F155-4D77-A8E1-DB244AB11BF1}.Debug|x64.ActiveCfg = Debug|Any CPU
		{3792A3AF-F155-4D77-A8E1-DB244AB11BF1}.Debug|x64.Build.0 = Debug|Any CPU
		{3792A3AF-F155-4D77-A8E1-DB244AB11BF1}.Debug|x86.ActiveCfg = Debug|Any CPU
		{3792A3AF-F155-4D77-A8E1-DB244AB11BF1}.Debug|x86.Build.0 = Debug|Any CPU
		{3792A3AF-F155-4D77-A8E1-DB244AB11BF1}.Release|Any CPU.ActiveCfg = Release|Any CPU
		{3792A3AF-F155-4D77-A8E1-DB244AB11BF1}.Release|Any CPU.Build.0 = Release|Any CPU
		{3792A3AF-F155-4D77-A8E1-DB244AB11BF1}.Release|x64.ActiveCfg = Release|Any CPU
		{3792A3AF-F155-4D77-A8E1-DB244AB11BF1}.Release|x64.Build.0 = Release|Any CPU
		{3792A3AF-F155-4D77-A8E1-DB244AB11BF1}.Release|x86.ActiveCfg = Release|Any CPU
		{3792A3AF-F155-4D77-A8E1-DB244AB11BF1}.Release|x86.Build.0 = Release|Any CPU
		{C0DB78ED-E0F2-40B0-829C-9C8192DE32D5}.Debug|Any CPU.ActiveCfg = Debug|Any CPU
		{C0DB78ED-E0F2-40B0-829C-9C8192DE32D5}.Debug|Any CPU.Build.0 = Debug|Any CPU
		{C0DB78ED-E0F2-40B0-829C-9C8192DE32D5}.Debug|x64.ActiveCfg = Debug|Any CPU
		{C0DB78ED-E0F2-40B0-829C-9C8192DE32D5}.Debug|x64.Build.0 = Debug|Any CPU
		{C0DB78ED-E0F2-40B0-829C-9C8192DE32D5}.Debug|x86.ActiveCfg = Debug|Any CPU
		{C0DB78ED-E0F2-40B0-829C-9C8192DE32D5}.Debug|x86.Build.0 = Debug|Any CPU
		{C0DB78ED-E0F2-40B0-829C-9C8192DE32D5}.Release|Any CPU.ActiveCfg = Release|Any CPU
		{C0DB78ED-E0F2-40B0-829C-9C8192DE32D5}.Release|Any CPU.Build.0 = Release|Any CPU
		{C0DB78ED-E0F2-40B0-829C-9C8192DE32D5}.Release|x64.ActiveCfg = Release|Any CPU
		{C0DB78ED-E0F2-40B0-829C-9C8192DE32D5}.Release|x64.Build.0 = Release|Any CPU
		{C0DB78ED-E0F2-40B0-829C-9C8192DE32D5}.Release|x86.ActiveCfg = Release|Any CPU
		{C0DB78ED-E0F2-40B0-829C-9C8192DE32D5}.Release|x86.Build.0 = Release|Any CPU
		{AFACC39B-73BA-4A96-BE6C-212CB366191E}.Debug|Any CPU.ActiveCfg = Debug|Any CPU
		{AFACC39B-73BA-4A96-BE6C-212CB366191E}.Debug|Any CPU.Build.0 = Debug|Any CPU
		{AFACC39B-73BA-4A96-BE6C-212CB366191E}.Debug|x64.ActiveCfg = Debug|Any CPU
		{AFACC39B-73BA-4A96-BE6C-212CB366191E}.Debug|x64.Build.0 = Debug|Any CPU
		{AFACC39B-73BA-4A96-BE6C-212CB366191E}.Debug|x86.ActiveCfg = Debug|Any CPU
		{AFACC39B-73BA-4A96-BE6C-212CB366191E}.Debug|x86.Build.0 = Debug|Any CPU
		{AFACC39B-73BA-4A96-BE6C-212CB366191E}.Release|Any CPU.ActiveCfg = Release|Any CPU
		{AFACC39B-73BA-4A96-BE6C-212CB366191E}.Release|Any CPU.Build.0 = Release|Any CPU
		{AFACC39B-73BA-4A96-BE6C-212CB366191E}.Release|x64.ActiveCfg = Release|Any CPU
		{AFACC39B-73BA-4A96-BE6C-212CB366191E}.Release|x64.Build.0 = Release|Any CPU
		{AFACC39B-73BA-4A96-BE6C-212CB366191E}.Release|x86.ActiveCfg = Release|Any CPU
		{AFACC39B-73BA-4A96-BE6C-212CB366191E}.Release|x86.Build.0 = Release|Any CPU
		{31152452-D04A-4092-8DDB-6A21E5288070}.Debug|Any CPU.ActiveCfg = Debug|Any CPU
		{31152452-D04A-4092-8DDB-6A21E5288070}.Debug|Any CPU.Build.0 = Debug|Any CPU
		{31152452-D04A-4092-8DDB-6A21E5288070}.Debug|x64.ActiveCfg = Debug|Any CPU
		{31152452-D04A-4092-8DDB-6A21E5288070}.Debug|x64.Build.0 = Debug|Any CPU
		{31152452-D04A-4092-8DDB-6A21E5288070}.Debug|x86.ActiveCfg = Debug|Any CPU
		{31152452-D04A-4092-8DDB-6A21E5288070}.Debug|x86.Build.0 = Debug|Any CPU
		{31152452-D04A-4092-8DDB-6A21E5288070}.Release|Any CPU.ActiveCfg = Release|Any CPU
		{31152452-D04A-4092-8DDB-6A21E5288070}.Release|Any CPU.Build.0 = Release|Any CPU
		{31152452-D04A-4092-8DDB-6A21E5288070}.Release|x64.ActiveCfg = Release|Any CPU
		{31152452-D04A-4092-8DDB-6A21E5288070}.Release|x64.Build.0 = Release|Any CPU
		{31152452-D04A-4092-8DDB-6A21E5288070}.Release|x86.ActiveCfg = Release|Any CPU
		{31152452-D04A-4092-8DDB-6A21E5288070}.Release|x86.Build.0 = Release|Any CPU
	EndGlobalSection
	GlobalSection(SolutionProperties) = preSolution
		HideSolutionNode = FALSE
	EndGlobalSection
	GlobalSection(NestedProjects) = preSolution
		{C38D6758-95ED-46BA-AD56-F127DD924FA7} = {827E0CD3-B72D-47B6-A68D-7590B98EB39B}
		{9F3702B9-0F13-4287-8AE3-ACE5E6EBFB7E} = {827E0CD3-B72D-47B6-A68D-7590B98EB39B}
		{35F42A1B-A3B3-4007-8853-54C0A459264A} = {827E0CD3-B72D-47B6-A68D-7590B98EB39B}
		{D9F5A206-DB6F-494D-9AC4-BB88D981699D} = {827E0CD3-B72D-47B6-A68D-7590B98EB39B}
		{6575BD86-A291-40C5-BAFC-4174FFEE6C42} = {827E0CD3-B72D-47B6-A68D-7590B98EB39B}
		{C45AC026-5030-418C-A861-6513188F2CF3} = {827E0CD3-B72D-47B6-A68D-7590B98EB39B}
		{7DB881F3-98DF-447C-8ABB-14862EC44134} = {827E0CD3-B72D-47B6-A68D-7590B98EB39B}
		{9D004E82-B173-4C42-B965-D093AE98D091} = {827E0CD3-B72D-47B6-A68D-7590B98EB39B}
		{71643023-9D88-4212-B6B1-7A25C6EA0C4F} = {0AB3BF05-4346-4AA6-1389-037BE0695223}
		{ACC7C604-8B9E-47BD-87BE-F960CBF1EA80} = {0AB3BF05-4346-4AA6-1389-037BE0695223}
		{3792A3AF-F155-4D77-A8E1-DB244AB11BF1} = {07C2787E-EAC7-C090-1BA3-A61EC2A24D84}
		{C0DB78ED-E0F2-40B0-829C-9C8192DE32D5} = {827E0CD3-B72D-47B6-A68D-7590B98EB39B}
		{AFACC39B-73BA-4A96-BE6C-212CB366191E} = {827E0CD3-B72D-47B6-A68D-7590B98EB39B}
		{31152452-D04A-4092-8DDB-6A21E5288070} = {827E0CD3-B72D-47B6-A68D-7590B98EB39B}
	EndGlobalSection
EndGlobal
